
Microsoft Visual Studio Solution File, Format Version 12.00
# Visual Studio 2012
Project("{FAE04EC0-301F-11D3-BF4B-00C04F79EFBC}") = "BowlingPoint", "BowlingPoint\BowlingPoint.csproj", "{DD22960D-CD7D-49AA-950A-AED8D2E8409F}"
EndProject
Project("{FAE04EC0-301F-11D3-BF4B-00C04F79EFBC}") = "BowlingPointTest", "BowlingPointTest\BowlingPointTest.csproj", "{B14692D1-E46A-4E58-98C8-AE4FF653A04A}"
EndProject
Project("{FAE04EC0-301F-11D3-BF4B-00C04F79EFBC}") = "BowlingPointsApplication", "BowlingPointsConsumer\BowlingPointsApplication.csproj", "{5E9EDEF9-1B77-4680-9520-EAEA0766F0C4}"
EndProject
Project("{2150E333-8FDC-42A3-9474-1A3956D46DE8}") = "Solution description", "Solution description", "{348D6DD0-319A-44EB-AF0D-ABAC071F0BE8}"
	ProjectSection(SolutionItems) = preProject
		SolutionDescription.txt = SolutionDescription.txt
	EndProjectSection
EndProject
Global
	GlobalSection(SolutionConfigurationPlatforms) = preSolution
		Debug|Any CPU = Debug|Any CPU
		Release|Any CPU = Release|Any CPU
	EndGlobalSection
	GlobalSection(ProjectConfigurationPlatforms) = postSolution
		{DD22960D-CD7D-49AA-950A-AED8D2E8409F}.Debug|Any CPU.ActiveCfg = Debug|Any CPU
		{DD22960D-CD7D-49AA-950A-AED8D2E8409F}.Debug|Any CPU.Build.0 = Debug|Any CPU
		{DD22960D-CD7D-49AA-950A-AED8D2E8409F}.Release|Any CPU.ActiveCfg = Release|Any CPU
		{DD22960D-CD7D-49AA-950A-AED8D2E8409F}.Release|Any CPU.Build.0 = Release|Any CPU
		{B14692D1-E46A-4E58-98C8-AE4FF653A04A}.Debug|Any CPU.ActiveCfg = Debug|Any CPU
		{B14692D1-E46A-4E58-98C8-AE4FF653A04A}.Debug|Any CPU.Build.0 = Debug|Any CPU
		{B14692D1-E46A-4E58-98C8-AE4FF653A04A}.Release|Any CPU.ActiveCfg = Release|Any CPU
		{B14692D1-E46A-4E58-98C8-AE4FF653A04A}.Release|Any CPU.Build.0 = Release|Any CPU
		{5E9EDEF9-1B77-4680-9520-EAEA0766F0C4}.Debug|Any CPU.ActiveCfg = Debug|Any CPU
		{5E9EDEF9-1B77-4680-9520-EAEA0766F0C4}.Debug|Any CPU.Build.0 = Debug|Any CPU
		{5E9EDEF9-1B77-4680-9520-EAEA0766F0C4}.Release|Any CPU.ActiveCfg = Release|Any CPU
		{5E9EDEF9-1B77-4680-9520-EAEA0766F0C4}.Release|Any CPU.Build.0 = Release|Any CPU
	EndGlobalSection
	GlobalSection(SolutionProperties) = preSolution
		HideSolutionNode = FALSE
	EndGlobalSection
EndGlobal
